hash: 686c8a12b688413ff87f34fd0d381604c7e0666495884e395fbf81455f2c01ff
updated: 2016-06-24T18:49:13.99837327+03:00
imports:
- name: github.com/derekparker/delve
  version: 323c0450d1e5ac8bb0f783f783ad2cd520b83f16
  subpackages:
  - cmd/dlv
- name: github.com/go-ole/go-ole
  version: 572eabb84c424e76a0d39d31510dd7dfd62f70b2
  subpackages:
  - oleutil
- name: github.com/go-sql-driver/mysql
  version: 7ebe0a500653eeb1859664bed5e48dec1e164e73
- name: github.com/gonuts/go-shellquote
  version: e842a11b24c6abfb3dd27af69a17f482e4b483c2
- name: github.com/lib/pq
  version: dd3290b2f71a8b30bee8e4e75a337a825263d26f
  subpackages:
  - oid
- name: github.com/mitchellh/mapstructure
  version: d2dd0262208475919e1a362f675cfc0e7c10e905
- name: github.com/shirou/gopsutil
  version: 7b991b8135166c7fc81b65665a2f35c7a1966cfc
  subpackages:
  - cpu
  - disk
  - host
  - load
  - mem
  - net
  - internal/common
  - process
- name: github.com/shirou/w32
  version: 3c9377fc6748f222729a8270fe2775d149a249ad
- name: github.com/Sirupsen/logrus
  version: cd7d1bbe41066b6c1f19780f895901052150a575
- name: github.com/StackExchange/wmi
  version: f3e2bae1e0cb5aef83e319133eabfee30013a4a5
- name: github.com/stretchr/testify
  version: 6cb3b85ef5a0efef77caef88363ec4d4b5c0976d
  subpackages:
  - assert
- name: gopkg.in/bsm/ratelimit.v1
  version: db14e161995a5177acef654cb0dd785e8ee8bc22
- name: gopkg.in/mgo.v2
  version: b6e2fa371e64216a45e61072a96d4e3859f169da
  subpackages:
  - bson
  - internal/sasl
  - internal/scram
- name: gopkg.in/redis.v3
  version: 5183f8dcde9737db7583dbfa9881800dba26e3fa
  subpackages:
  - internal
  - internal/consistenthash
  - internal/hashtag
  - internal/pool
devImports: []
